PODS:
  - MQTTClient (0.15.3):
    - MQTTClient/Core (= 0.15.3)
  - MQTTClient/Core (0.15.3):
    - MQTTClient/Manager
    - MQTTClient/Min
  - MQTTClient/Manager (0.15.3):
    - MQTTClient/Min
  - MQTTClient/Min (0.15.3)

DEPENDENCIES:
  - MQTTClient

SPEC REPOS:
  trunk:
    - MQTTClient

SPEC CHECKSUMS:
  MQTTClient: 0dfa04e789479c2e461786464969895c1fcb0875

PODFILE CHECKSUM: 4e6ea83135466f8ba601dd0ca654304fb8bf2fd2

COCOAPODS: 1.15.2
